PODS:
  - Kingfisher (7.1.1)
  - SDWebImage (5.12.1):
    - SDWebImage/Core (= 5.12.1)
  - SDWebImage/Core (5.12.1)
  - SnapKit (5.0.1)
  - SwiftyJSON (5.0.1)

DEPENDENCIES:
  - Kingfisher (~> 7.0)
  - SDWebImage
  - SnapKit
  - SwiftyJSON

SPEC REPOS:
  trunk:
    - Kingfisher
    - SDWebImage
    - SnapKit
    - SwiftyJSON

SPEC CHECKSUMS:
  Kingfisher: f738f9c4a3415823b8e2985d10aa2d6a9f37bc4d
  SDWebImage: 4dc3e42d9ec0c1028b960a33ac6b637bb432207b
  SnapKit: 97b92857e3df3a0c71833cce143274bf6ef8e5eb
  SwiftyJSON: 2f33a42c6fbc52764d96f13368585094bfd8aa5e

PODFILE CHECKSUM: cc3446dc508ac194c05ce712b1cb769bb2a2fff7

COCOAPODS: 1.11.3
